
Microsoft Visual Studio Solution File, Format Version 12.00
# Visual Studio 14
VisualStudioVersion = 14.0.25420.1
MinimumVisualStudioVersion = 10.0.40219.1
Project("{FAE04EC0-301F-11D3-BF4B-00C04F79EFBC}") = "StandingDeskControl", "StandingDeskControl\StandingDeskControl.csproj", "{6FA4F828-AE7D-4801-85F1-FB8DBEBC0CA0}"
EndProject
Project("{2150E333-8FDC-42A3-9474-1A3956D46DE8}") = "Adapter", "Adapter", "{C64C5ED6-0354-40F8-9200-E656CCB2663D}"
EndProject
Project("{FAE04EC0-301F-11D3-BF4B-00C04F79EFBC}") = "HeadedAdapterApp", "StandingDeskAllJoyn\HeadedAdapterApp\HeadedAdapterApp.csproj", "{31EB47F3-5810-4439-AB31-99559965C58B}"
EndProject
Project("{FAE04EC0-301F-11D3-BF4B-00C04F79EFBC}") = "AdapterLib", "StandingDeskAllJoyn\AdapterLib\AdapterLib.csproj", "{5254F40C-CD4C-48F9-9C55-8040F071F1B4}"
EndProject
Project("{FAE04EC0-301F-11D3-BF4B-00C04F79EFBC}") = "HeadlessAdapterApp", "StandingDeskAllJoyn\HeadlessAdapterApp\HeadlessAdapterApp.csproj", "{4C87DC5C-B33B-47D5-B199-EFC20547AA66}"
EndProject
Project("{2150E333-8FDC-42A3-9474-1A3956D46DE8}") = "Platform", "Platform", "{65B27E9B-C063-46D1-B748-129A43BE6A08}"
EndProject
Project("{8BC9CEB8-8B4A-11D0-8D11-00A0C91BC942}") = "BridgeRT", "StandingDeskAllJoyn\BridgeRT\BridgeRT.vcxproj", "{2783A617-8E1D-40D1-9684-DFAEB8DD5406}"
EndProject
Project("{8BC9CEB8-8B4A-11D0-8D11-00A0C91BC942}") = "BackgroundHost", "StandingDeskAllJoyn\BackgroundHost\BackgroundHost.vcxproj", "{98B5350D-3B67-4109-9CD5-1A675295C461}"
EndProject
Project("{8BC9CEB8-8B4A-11D0-8D11-00A0C91BC942}") = "BackgroundHost.Headed", "StandingDeskAllJoyn\BackgroundHost.Headed\BackgroundHost.Headed.vcxproj", "{0184C325-C1DF-4305-B202-324CB0413377}"
EndProject
Project("{8BC9CEB8-8B4A-11D0-8D11-00A0C91BC942}") = "BackgroundHost.Headless", "StandingDeskAllJoyn\BackgroundHost.Headless\BackgroundHost.Headless.vcxproj", "{14882A0F-8926-4837-8E25-06D3F58B1DF8}"
EndProject
Global
	GlobalSection(SolutionConfigurationPlatforms) = preSolution
		Debug|Any CPU = Debug|Any CPU
		Debug|ARM = Debug|ARM
		Debug|x64 = Debug|x64
		Debug|x86 = Debug|x86
		Release|Any CPU = Release|Any CPU
		Release|ARM = Release|ARM
		Release|x64 = Release|x64
		Release|x86 = Release|x86
	EndGlobalSection
	GlobalSection(ProjectConfigurationPlatforms) = postSolution
		{6FA4F828-AE7D-4801-85F1-FB8DBEBC0CA0}.Debug|Any CPU.ActiveCfg = Debug|x86
		{6FA4F828-AE7D-4801-85F1-FB8DBEBC0CA0}.Debug|ARM.ActiveCfg = Debug|ARM
		{6FA4F828-AE7D-4801-85F1-FB8DBEBC0CA0}.Debug|ARM.Build.0 = Debug|ARM
		{6FA4F828-AE7D-4801-85F1-FB8DBEBC0CA0}.Debug|ARM.Deploy.0 = Debug|ARM
		{6FA4F828-AE7D-4801-85F1-FB8DBEBC0CA0}.Debug|x64.ActiveCfg = Debug|x64
		{6FA4F828-AE7D-4801-85F1-FB8DBEBC0CA0}.Debug|x64.Build.0 = Debug|x64
		{6FA4F828-AE7D-4801-85F1-FB8DBEBC0CA0}.Debug|x64.Deploy.0 = Debug|x64
		{6FA4F828-AE7D-4801-85F1-FB8DBEBC0CA0}.Debug|x86.ActiveCfg = Debug|x86
		{6FA4F828-AE7D-4801-85F1-FB8DBEBC0CA0}.Debug|x86.Build.0 = Debug|x86
		{6FA4F828-AE7D-4801-85F1-FB8DBEBC0CA0}.Debug|x86.Deploy.0 = Debug|x86
		{6FA4F828-AE7D-4801-85F1-FB8DBEBC0CA0}.Release|Any CPU.ActiveCfg = Release|x86
		{6FA4F828-AE7D-4801-85F1-FB8DBEBC0CA0}.Release|ARM.ActiveCfg = Release|ARM
		{6FA4F828-AE7D-4801-85F1-FB8DBEBC0CA0}.Release|ARM.Build.0 = Release|ARM
		{6FA4F828-AE7D-4801-85F1-FB8DBEBC0CA0}.Release|ARM.Deploy.0 = Release|ARM
		{6FA4F828-AE7D-4801-85F1-FB8DBEBC0CA0}.Release|x64.ActiveCfg = Release|x64
		{6FA4F828-AE7D-4801-85F1-FB8DBEBC0CA0}.Release|x64.Build.0 = Release|x64
		{6FA4F828-AE7D-4801-85F1-FB8DBEBC0CA0}.Release|x64.Deploy.0 = Release|x64
		{6FA4F828-AE7D-4801-85F1-FB8DBEBC0CA0}.Release|x86.ActiveCfg = Release|x86
		{6FA4F828-AE7D-4801-85F1-FB8DBEBC0CA0}.Release|x86.Build.0 = Release|x86
		{6FA4F828-AE7D-4801-85F1-FB8DBEBC0CA0}.Release|x86.Deploy.0 = Release|x86
		{31EB47F3-5810-4439-AB31-99559965C58B}.Debug|Any CPU.ActiveCfg = Debug|x86
		{31EB47F3-5810-4439-AB31-99559965C58B}.Debug|ARM.ActiveCfg = Debug|ARM
		{31EB47F3-5810-4439-AB31-99559965C58B}.Debug|ARM.Build.0 = Debug|ARM
		{31EB47F3-5810-4439-AB31-99559965C58B}.Debug|ARM.Deploy.0 = Debug|ARM
		{31EB47F3-5810-4439-AB31-99559965C58B}.Debug|x64.ActiveCfg = Debug|x64
		{31EB47F3-5810-4439-AB31-99559965C58B}.Debug|x64.Build.0 = Debug|x64
		{31EB47F3-5810-4439-AB31-99559965C58B}.Debug|x64.Deploy.0 = Debug|x64
		{31EB47F3-5810-4439-AB31-99559965C58B}.Debug|x86.ActiveCfg = Debug|x86
		{31EB47F3-5810-4439-AB31-99559965C58B}.Debug|x86.Build.0 = Debug|x86
		{31EB47F3-5810-4439-AB31-99559965C58B}.Debug|x86.Deploy.0 = Debug|x86
		{31EB47F3-5810-4439-AB31-99559965C58B}.Release|Any CPU.ActiveCfg = Release|x86
		{31EB47F3-5810-4439-AB31-99559965C58B}.Release|ARM.ActiveCfg = Release|ARM
		{31EB47F3-5810-4439-AB31-99559965C58B}.Release|ARM.Build.0 = Release|ARM
		{31EB47F3-5810-4439-AB31-99559965C58B}.Release|ARM.Deploy.0 = Release|ARM
		{31EB47F3-5810-4439-AB31-99559965C58B}.Release|x64.ActiveCfg = Release|x64
		{31EB47F3-5810-4439-AB31-99559965C58B}.Release|x64.Build.0 = Release|x64
		{31EB47F3-5810-4439-AB31-99559965C58B}.Release|x64.Deploy.0 = Release|x64
		{31EB47F3-5810-4439-AB31-99559965C58B}.Release|x86.ActiveCfg = Release|x86
		{31EB47F3-5810-4439-AB31-99559965C58B}.Release|x86.Build.0 = Release|x86
		{31EB47F3-5810-4439-AB31-99559965C58B}.Release|x86.Deploy.0 = Release|x86
		{5254F40C-CD4C-48F9-9C55-8040F071F1B4}.Debug|Any CPU.ActiveCfg = Debug|Any CPU
		{5254F40C-CD4C-48F9-9C55-8040F071F1B4}.Debug|Any CPU.Build.0 = Debug|Any CPU
		{5254F40C-CD4C-48F9-9C55-8040F071F1B4}.Debug|ARM.ActiveCfg = Debug|ARM
		{5254F40C-CD4C-48F9-9C55-8040F071F1B4}.Debug|ARM.Build.0 = Debug|ARM
		{5254F40C-CD4C-48F9-9C55-8040F071F1B4}.Debug|x64.ActiveCfg = Debug|x64
		{5254F40C-CD4C-48F9-9C55-8040F071F1B4}.Debug|x64.Build.0 = Debug|x64
		{5254F40C-CD4C-48F9-9C55-8040F071F1B4}.Debug|x86.ActiveCfg = Debug|x86
		{5254F40C-CD4C-48F9-9C55-8040F071F1B4}.Debug|x86.Build.0 = Debug|x86
		{5254F40C-CD4C-48F9-9C55-8040F071F1B4}.Release|Any CPU.ActiveCfg = Release|Any CPU
		{5254F40C-CD4C-48F9-9C55-8040F071F1B4}.Release|Any CPU.Build.0 = Release|Any CPU
		{5254F40C-CD4C-48F9-9C55-8040F071F1B4}.Release|ARM.ActiveCfg = Release|ARM
		{5254F40C-CD4C-48F9-9C55-8040F071F1B4}.Release|ARM.Build.0 = Release|ARM
		{5254F40C-CD4C-48F9-9C55-8040F071F1B4}.Release|x64.ActiveCfg = Release|x64
		{5254F40C-CD4C-48F9-9C55-8040F071F1B4}.Release|x64.Build.0 = Release|x64
		{5254F40C-CD4C-48F9-9C55-8040F071F1B4}.Release|x86.ActiveCfg = Release|x86
		{5254F40C-CD4C-48F9-9C55-8040F071F1B4}.Release|x86.Build.0 = Release|x86
		{4C87DC5C-B33B-47D5-B199-EFC20547AA66}.Debug|Any CPU.ActiveCfg = Debug|x86
		{4C87DC5C-B33B-47D5-B199-EFC20547AA66}.Debug|ARM.ActiveCfg = Debug|ARM
		{4C87DC5C-B33B-47D5-B199-EFC20547AA66}.Debug|ARM.Build.0 = Debug|ARM
		{4C87DC5C-B33B-47D5-B199-EFC20547AA66}.Debug|ARM.Deploy.0 = Debug|ARM
		{4C87DC5C-B33B-47D5-B199-EFC20547AA66}.Debug|x64.ActiveCfg = Debug|x64
		{4C87DC5C-B33B-47D5-B199-EFC20547AA66}.Debug|x64.Build.0 = Debug|x64
		{4C87DC5C-B33B-47D5-B199-EFC20547AA66}.Debug|x64.Deploy.0 = Debug|x64
		{4C87DC5C-B33B-47D5-B199-EFC20547AA66}.Debug|x86.ActiveCfg = Debug|x86
		{4C87DC5C-B33B-47D5-B199-EFC20547AA66}.Debug|x86.Build.0 = Debug|x86
		{4C87DC5C-B33B-47D5-B199-EFC20547AA66}.Debug|x86.Deploy.0 = Debug|x86
		{4C87DC5C-B33B-47D5-B199-EFC20547AA66}.Release|Any CPU.ActiveCfg = Release|x86
		{4C87DC5C-B33B-47D5-B199-EFC20547AA66}.Release|ARM.ActiveCfg = Release|ARM
		{4C87DC5C-B33B-47D5-B199-EFC20547AA66}.Release|ARM.Build.0 = Release|ARM
		{4C87DC5C-B33B-47D5-B199-EFC20547AA66}.Release|ARM.Deploy.0 = Release|ARM
		{4C87DC5C-B33B-47D5-B199-EFC20547AA66}.Release|x64.ActiveCfg = Release|x64
		{4C87DC5C-B33B-47D5-B199-EFC20547AA66}.Release|x64.Build.0 = Release|x64
		{4C87DC5C-B33B-47D5-B199-EFC20547AA66}.Release|x64.Deploy.0 = Release|x64
		{4C87DC5C-B33B-47D5-B199-EFC20547AA66}.Release|x86.ActiveCfg = Release|x86
		{4C87DC5C-B33B-47D5-B199-EFC20547AA66}.Release|x86.Build.0 = Release|x86
		{4C87DC5C-B33B-47D5-B199-EFC20547AA66}.Release|x86.Deploy.0 = Release|x86
		{2783A617-8E1D-40D1-9684-DFAEB8DD5406}.Debug|Any CPU.ActiveCfg = Debug|Win32
		{2783A617-8E1D-40D1-9684-DFAEB8DD5406}.Debug|ARM.ActiveCfg = Debug|ARM
		{2783A617-8E1D-40D1-9684-DFAEB8DD5406}.Debug|ARM.Build.0 = Debug|ARM
		{2783A617-8E1D-40D1-9684-DFAEB8DD5406}.Debug|x64.ActiveCfg = Debug|x64
		{2783A617-8E1D-40D1-9684-DFAEB8DD5406}.Debug|x64.Build.0 = Debug|x64
		{2783A617-8E1D-40D1-9684-DFAEB8DD5406}.Debug|x86.ActiveCfg = Debug|Win32
		{2783A617-8E1D-40D1-9684-DFAEB8DD5406}.Debug|x86.Build.0 = Debug|Win32
		{2783A617-8E1D-40D1-9684-DFAEB8DD5406}.Release|Any CPU.ActiveCfg = Release|Win32
		{2783A617-8E1D-40D1-9684-DFAEB8DD5406}.Release|ARM.ActiveCfg = Release|ARM
		{2783A617-8E1D-40D1-9684-DFAEB8DD5406}.Release|ARM.Build.0 = Release|ARM
		{2783A617-8E1D-40D1-9684-DFAEB8DD5406}.Release|x64.ActiveCfg = Release|x64
		{2783A617-8E1D-40D1-9684-DFAEB8DD5406}.Release|x64.Build.0 = Release|x64
		{2783A617-8E1D-40D1-9684-DFAEB8DD5406}.Release|x86.ActiveCfg = Release|Win32
		{2783A617-8E1D-40D1-9684-DFAEB8DD5406}.Release|x86.Build.0 = Release|Win32
		{98B5350D-3B67-4109-9CD5-1A675295C461}.Debug|Any CPU.ActiveCfg = Debug|Win32
		{98B5350D-3B67-4109-9CD5-1A675295C461}.Debug|ARM.ActiveCfg = Debug|ARM
		{98B5350D-3B67-4109-9CD5-1A675295C461}.Debug|ARM.Build.0 = Debug|ARM
		{98B5350D-3B67-4109-9CD5-1A675295C461}.Debug|x64.ActiveCfg = Debug|x64
		{98B5350D-3B67-4109-9CD5-1A675295C461}.Debug|x64.Build.0 = Debug|x64
		{98B5350D-3B67-4109-9CD5-1A675295C461}.Debug|x86.ActiveCfg = Debug|Win32
		{98B5350D-3B67-4109-9CD5-1A675295C461}.Debug|x86.Build.0 = Debug|Win32
		{98B5350D-3B67-4109-9CD5-1A675295C461}.Release|Any CPU.ActiveCfg = Release|Win32
		{98B5350D-3B67-4109-9CD5-1A675295C461}.Release|ARM.ActiveCfg = Release|ARM
		{98B5350D-3B67-4109-9CD5-1A675295C461}.Release|ARM.Build.0 = Release|ARM
		{98B5350D-3B67-4109-9CD5-1A675295C461}.Release|x64.ActiveCfg = Release|x64
		{98B5350D-3B67-4109-9CD5-1A675295C461}.Release|x64.Build.0 = Release|x64
		{98B5350D-3B67-4109-9CD5-1A675295C461}.Release|x86.ActiveCfg = Release|Win32
		{98B5350D-3B67-4109-9CD5-1A675295C461}.Release|x86.Build.0 = Release|Win32
		{0184C325-C1DF-4305-B202-324CB0413377}.Debug|Any CPU.ActiveCfg = Debug|Win32
		{0184C325-C1DF-4305-B202-324CB0413377}.Debug|ARM.ActiveCfg = Debug|ARM
		{0184C325-C1DF-4305-B202-324CB0413377}.Debug|ARM.Build.0 = Debug|ARM
		{0184C325-C1DF-4305-B202-324CB0413377}.Debug|x64.ActiveCfg = Debug|x64
		{0184C325-C1DF-4305-B202-324CB0413377}.Debug|x64.Build.0 = Debug|x64
		{0184C325-C1DF-4305-B202-324CB0413377}.Debug|x86.ActiveCfg = Debug|Win32
		{0184C325-C1DF-4305-B202-324CB0413377}.Debug|x86.Build.0 = Debug|Win32
		{0184C325-C1DF-4305-B202-324CB0413377}.Release|Any CPU.ActiveCfg = Release|Win32
		{0184C325-C1DF-4305-B202-324CB0413377}.Release|ARM.ActiveCfg = Release|ARM
		{0184C325-C1DF-4305-B202-324CB0413377}.Release|ARM.Build.0 = Release|ARM
		{0184C325-C1DF-4305-B202-324CB0413377}.Release|x64.ActiveCfg = Release|x64
		{0184C325-C1DF-4305-B202-324CB0413377}.Release|x64.Build.0 = Release|x64
		{0184C325-C1DF-4305-B202-324CB0413377}.Release|x86.ActiveCfg = Release|Win32
		{0184C325-C1DF-4305-B202-324CB0413377}.Release|x86.Build.0 = Release|Win32
		{14882A0F-8926-4837-8E25-06D3F58B1DF8}.Debug|Any CPU.ActiveCfg = Debug|Win32
		{14882A0F-8926-4837-8E25-06D3F58B1DF8}.Debug|ARM.ActiveCfg = Debug|ARM
		{14882A0F-8926-4837-8E25-06D3F58B1DF8}.Debug|ARM.Build.0 = Debug|ARM
		{14882A0F-8926-4837-8E25-06D3F58B1DF8}.Debug|x64.ActiveCfg = Debug|x64
		{14882A0F-8926-4837-8E25-06D3F58B1DF8}.Debug|x64.Build.0 = Debug|x64
		{14882A0F-8926-4837-8E25-06D3F58B1DF8}.Debug|x86.ActiveCfg = Debug|Win32
		{14882A0F-8926-4837-8E25-06D3F58B1DF8}.Debug|x86.Build.0 = Debug|Win32
		{14882A0F-8926-4837-8E25-06D3F58B1DF8}.Release|Any CPU.ActiveCfg = Release|Win32
		{14882A0F-8926-4837-8E25-06D3F58B1DF8}.Release|ARM.ActiveCfg = Release|ARM
		{14882A0F-8926-4837-8E25-06D3F58B1DF8}.Release|ARM.Build.0 = Release|ARM
		{14882A0F-8926-4837-8E25-06D3F58B1DF8}.Release|x64.ActiveCfg = Release|x64
		{14882A0F-8926-4837-8E25-06D3F58B1DF8}.Release|x64.Build.0 = Release|x64
		{14882A0F-8926-4837-8E25-06D3F58B1DF8}.Release|x86.ActiveCfg = Release|Win32
		{14882A0F-8926-4837-8E25-06D3F58B1DF8}.Release|x86.Build.0 = Release|Win32
	EndGlobalSection
	GlobalSection(SolutionProperties) = preSolution
		HideSolutionNode = FALSE
	EndGlobalSection
	GlobalSection(NestedProjects) = preSolution
		{31EB47F3-5810-4439-AB31-99559965C58B} = {C64C5ED6-0354-40F8-9200-E656CCB2663D}
		{5254F40C-CD4C-48F9-9C55-8040F071F1B4} = {C64C5ED6-0354-40F8-9200-E656CCB2663D}
		{4C87DC5C-B33B-47D5-B199-EFC20547AA66} = {C64C5ED6-0354-40F8-9200-E656CCB2663D}
		{2783A617-8E1D-40D1-9684-DFAEB8DD5406} = {65B27E9B-C063-46D1-B748-129A43BE6A08}
		{98B5350D-3B67-4109-9CD5-1A675295C461} = {65B27E9B-C063-46D1-B748-129A43BE6A08}
		{0184C325-C1DF-4305-B202-324CB0413377} = {65B27E9B-C063-46D1-B748-129A43BE6A08}
		{14882A0F-8926-4837-8E25-06D3F58B1DF8} = {65B27E9B-C063-46D1-B748-129A43BE6A08}
	EndGlobalSection
EndGlobal
